{
  "name": "miniprogram",
  "version": "1.0.0",
  "lockfileVersion": 1,
  "requires": true,
  "dependencies": {
    "vant-weapp": {
      "version": "0.5.4",
      "resolved": "https://registry.npmjs.org/vant-weapp/-/vant-weapp-0.5.4.tgz",
      "integrity": "sha512-Cpj46iDMlECy4/kRat943+Qbpd536hhDGMvVfSG3dEyosjO1Po2OaoprA4ROw4JhOz/I3kQjhk/LCo6cbzSjJA=="
    },
    "wux-weapp": {
      "version": "3.5.0",
      "resolved": "https://registry.npmjs.org/wux-weapp/-/wux-weapp-3.5.0.tgz",
      "integrity": "sha512-WU3Q4JJeNdWvkofee018KUrT9FJNW0F0ElF6LGRGE5M9EBpNsAueDxvYojdKXzqA3DYYtiCBKewJ+JfzLYrxbQ=="
    }
  }
}
