{
  "name": "miniprogram",
  "version": "1.0.0",
  "lockfileVersion": 1,
  "requires": true,
  "dependencies": {
    "vant-weapp": {
      "version": "0.5.4",
      "resolved": "https://registry.npmjs.org/vant-weapp/-/vant-weapp-0.5.4.tgz",
      "integrity": "sha512-Cpj46iDMlECy4/kRat943+Qbpd536hhDGMvVfSG3dEyosjO1Po2OaoprA4ROw4JhOz/I3kQjhk/LCo6cbzSjJA=="
    }
  }
}
